github.com/Waziup/wazigate v0.0.0-20190603094435-9de8a5220735 h1:47DEQpj8HBSa+/TImW+5JCeuQeRkm5NMpJWZG3hSuFU=
github.com/c9s/goprocinfo v0.0.0-20190309065803-0b2ad9ac246b h1:4yfM1Zm+7U+m0inJ0g6JvdqGePXD8eG4nXUTbcLT6gk=
github.com/c9s/goprocinfo v0.0.0-20190309065803-0b2ad9ac246b/go.mod h1:uEyr4WpAH4hio6LFriaPkL938XnrvLpNPmQHBdrmbIE=
